// !$*UTF8*$!
{
	archiveVersion = 1;
	classes = {
	};
	objectVersion = 56;
	objects = {

/* Begin PBXBuildFile section */
		3A3D3FAA2BA1A89B0061C58E /* TetrisApp.swift in Sources */ = {isa = PBXBuildFile; fileRef = 3A3D3FA92BA1A89B0061C58E /* TetrisApp.swift */; };
		3A3D3FAC2BA1A89B0061C58E /* ContentView.swift in Sources */ = {isa = PBXBuildFile; fileRef = 3A3D3FAB2BA1A89B0061C58E /* ContentView.swift */; };
		3A3D3FAE2BA1A89D0061C58E /* Assets.xcassets in Resources */ = {isa = PBXBuildFile; fileRef = 3A3D3FAD2BA1A89D0061C58E /* Assets.xcassets */; };
		3A3D3FB12BA1A89D0061C58E /* Preview Assets.xcassets in Resources */ = {isa = PBXBuildFile; fileRef = 3A3D3FB02BA1A89D0061C58E /* Preview Assets.xcassets */; };
		3A3D3FBB2BA1A89D0061C58E /* TetrisTests.swift in Sources */ = {isa = PBXBuildFile; fileRef = 3A3D3FBA2BA1A89D0061C58E /* TetrisTests.swift */; };
		3A3D3FC52BA1A89D0061C58E /* TetrisUITests.swift in Sources */ = {isa = PBXBuildFile; fileRef = 3A3D3FC42BA1A89D0061C58E /* TetrisUITests.swift */; };
		3A3D3FC72BA1A89D0061C58E /* TetrisUITestsLaunchTests.swift in Sources */ = {isa = PBXBuildFile; fileRef = 3A3D3FC62BA1A89D0061C58E /* TetrisUITestsLaunchTests.swift */; };
/* End PBXBuildFile section */

/* Begin PBXContainerItemProxy section */
		3A3D3FB72BA1A89D0061C58E /* PBXContainerItemProxy */ = {
			isa = PBXContainerItemProxy;
			containerPortal = 3A3D3F9E2BA1A89B0061C58E /* Project object */;
			proxyType = 1;
			remoteGlobalIDString = 3A3D3FA52BA1A89B0061C58E;
			remoteInfo = Tetris;
		};
		3A3D3FC12BA1A89D0061C58E /* PBXContainerItemProxy */ = {
			isa = PBXContainerItemProxy;
			containerPortal = 3A3D3F9E2BA1A89B0061C58E /* Project object */;
			proxyType = 1;
			remoteGlobalIDString = 3A3D3FA52BA1A89B0061C58E;
			remoteInfo = Tetris;
		};
/* End PBXContainerItemProxy section */

/* Begin PBXFileReference section */
		3A3D3FA62BA1A89B0061C58E /* Tetris.app */ = {isa = PBXFileReference; explicitFileType = wrapper.application; includeInIndex = 0; path = Tetris.app; sourceTree = BUILT_PRODUCTS_DIR; };
		3A3D3FA92BA1A89B0061C58E /* TetrisApp.swift */ = {isa = PBXFileReference; lastKnownFileType = sourcecode.swift; path = TetrisApp.swift; sourceTree = "<group>"; };
		3A3D3FAB2BA1A89B0061C58E /* ContentView.swift */ = {isa = PBXFileReference; lastKnownFileType = sourcecode.swift; path = ContentView.swift; sourceTree = "<group>"; };
		3A3D3FAD2BA1A89D0061C58E /* Assets.xcassets */ = {isa = PBXFileReference; lastKnownFileType = folder.assetcatalog; path = Assets.xcassets; sourceTree = "<group>"; };
		3A3D3FB02BA1A89D0061C58E /* Preview Assets.xcassets */ = {isa = PBXFileReference; lastKnownFileType = folder.assetcatalog; path = "Preview Assets.xcassets"; sourceTree = "<group>"; };
		3A3D3FB62BA1A89D0061C58E /* TetrisTests.xctest */ = {isa = PBXFileReference; explicitFileType = wrapper.cfbundle; includeInIndex = 0; path = TetrisTests.xctest; sourceTree = BUILT_PRODUCTS_DIR; };
		3A3D3FBA2BA1A89D0061C58E /* TetrisTests.swift */ = {isa = PBXFileReference; lastKnownFileType = sourcecode.swift; path = TetrisTests.swift; sourceTree = "<group>"; };
		3A3D3FC02BA1A89D0061C58E /* TetrisUITests.xctest */ = {isa = PBXFileReference; explicitFileType = wrapper.cfbundle; includeInIndex = 0; path = TetrisUITests.xctest; sourceTree = BUILT_PRODUCTS_DIR; };
		3A3D3FC42BA1A89D0061C58E /* TetrisUITests.swift */ = {isa = PBXFileReference; lastKnownFileType = sourcecode.swift; path = TetrisUITests.swift; sourceTree = "<group>"; };
		3A3D3FC62BA1A89D0061C58E /* TetrisUITestsLaunchTests.swift */ = {isa = PBXFileReference; lastKnownFileType = sourcecode.swift; path = TetrisUITestsLaunchTests.swift; sourceTree = "<group>"; };
/* End PBXFileReference section */

/* Begin PBXFrameworksBuildPhase section */
		3A3D3FA32BA1A89B0061C58E /* Frameworks */ = {
			isa = PBXFrameworksBuildPhase;
			buildActionMask = 2147483647;
			files = (
			);
			runOnlyForDeploymentPostprocessing = 0;
		};
		3A3D3FB32BA1A89D0061C58E /* Frameworks */ = {
			isa = PBXFrameworksBuildPhase;
			buildActionMask = 2147483647;
			files = (
			);
			runOnlyForDeploymentPostprocessing = 0;
		};
		3A3D3FBD2BA1A89D0061C58E /* Frameworks */ = {
			isa = PBXFrameworksBuildPhase;
			buildActionMask = 2147483647;
			files = (
			);
			runOnlyForDeploymentPostprocessing = 0;
		};
/* End PBXFrameworksBuildPhase section */

/* Begin PBXGroup section */
		3A3D3F9D2BA1A89B0061C58E = {
			isa = PBXGroup;
			children = (
				3A3D3FA82BA1A89B0061C58E /* Tetris */,
				3A3D3FB92BA1A89D0061C58E /* TetrisTests */,
				3A3D3FC32BA1A89D0061C58E /* TetrisUITests */,
				3A3D3FA72BA1A89B0061C58E /* Products */,
			);
			sourceTree = "<group>";
		};
		3A3D3FA72BA1A89B0061C58E /* Products */ = {
			isa = PBXGroup;
			children = (
				3A3D3FA62BA1A89B0061C58E /* Tetris.app */,
				3A3D3FB62BA1A89D0061C58E /* TetrisTests.xctest */,
				3A3D3FC02BA1A89D0061C58E /* TetrisUITests.xctest */,
			);
			name = Products;
			sourceTree = "<group>";
		};
		3A3D3FA82BA1A89B0061C58E /* Tetris */ = {
			isa = PBXGroup;
			children = (
				3A3D3FA92BA1A89B0061C58E /* TetrisApp.swift */,
				3A3D3FAB2BA1A89B0061C58E /* ContentView.swift */,
				3A3D3FAD2BA1A89D0061C58E /* Assets.xcassets */,
				3A3D3FAF2BA1A89D0061C58E /* Preview Content */,
			);
			path = Tetris;
			sourceTree = "<group>";
		};
		3A3D3FAF2BA1A89D0061C58E /* Preview Content */ = {
			isa = PBXGroup;
			children = (
				3A3D3FB02BA1A89D0061C58E /* Preview Assets.xcassets */,
			);
			path = "Preview Content";
			sourceTree = "<group>";
		};
		3A3D3FB92BA1A89D0061C58E /* TetrisTests */ = {
			isa = PBXGroup;
			children = (
				3A3D3FBA2BA1A89D0061C58E /* TetrisTests.swift */,
			);
			path = TetrisTests;
			sourceTree = "<group>";
		};
		3A3D3FC32BA1A89D0061C58E /* TetrisUITests */ = {
			isa = PBXGroup;
			children = (
				3A3D3FC42BA1A89D0061C58E /* TetrisUITests.swift */,
				3A3D3FC62BA1A89D0061C58E /* TetrisUITestsLaunchTests.swift */,
			);
			path = TetrisUITests;
			sourceTree = "<group>";
		};
/* End PBXGroup section */

/* Begin PBXNativeTarget section */
		3A3D3FA52BA1A89B0061C58E /* Tetris */ = {
			isa = PBXNativeTarget;
			buildConfigurationList = 3A3D3FCA2BA1A89D0061C58E /* Build configuration list for PBXNativeTarget "Tetris" */;
			buildPhases = (
				3A3D3FA22BA1A89B0061C58E /* Sources */,
				3A3D3FA32BA1A89B0061C58E /* Frameworks */,
				3A3D3FA42BA1A89B0061C58E /* Resources */,
			);
			buildRules = (
			);
			dependencies = (
			);
			name = Tetris;
			productName = Tetris;
			productReference = 3A3D3FA62BA1A89B0061C58E /* Tetris.app */;
			productType = "com.apple.product-type.application";
		};
		3A3D3FB52BA1A89D0061C58E /* TetrisTests */ = {
			isa = PBXNativeTarget;
			buildConfigurationList = 3A3D3FCD2BA1A89D0061C58E /* Build configuration list for PBXNativeTarget "TetrisTests" */;
			buildPhases = (
				3A3D3FB22BA1A89D0061C58E /* Sources */,
				3A3D3FB32BA1A89D0061C58E /* Frameworks */,
				3A3D3FB42BA1A89D0061C58E /* Resources */,
			);
			buildRules = (
			);
			dependencies = (
				3A3D3FB82BA1A89D0061C58E /* PBXTargetDependency */,
			);
			name = TetrisTests;
			productName = TetrisTests;
			productReference = 3A3D3FB62BA1A89D0061C58E /* TetrisTests.xctest */;
			productType = "com.apple.product-type.bundle.unit-test";
		};
		3A3D3FBF2BA1A89D0061C58E /* TetrisUITests */ = {
			isa = PBXNativeTarget;
			buildConfigurationList = 3A3D3FD02BA1A89D0061C58E /* Build configuration list for PBXNativeTarget "TetrisUITests" */;
			buildPhases = (
				3A3D3FBC2BA1A89D0061C58E /* Sources */,
				3A3D3FBD2BA1A89D0061C58E /* Frameworks */,
				3A3D3FBE2BA1A89D0061C58E /* Resources */,
			);
			buildRules = (
			);
			dependencies = (
				3A3D3FC22BA1A89D0061C58E /* PBXTargetDependency */,
			);
			name = TetrisUITests;
			productName = TetrisUITests;
			productReference = 3A3D3FC02BA1A89D0061C58E /* TetrisUITests.xctest */;
			productType = "com.apple.product-type.bundle.ui-testing";
		};
/* End PBXNativeTarget section */

/* Begin PBXProject section */
		3A3D3F9E2BA1A89B0061C58E /* Project object */ = {
			isa = PBXProject;
			attributes = {
				BuildIndependentTargetsInParallel = 1;
				LastSwiftUpdateCheck = 1520;
				LastUpgradeCheck = 1520;
				TargetAttributes = {
					3A3D3FA52BA1A89B0061C58E = {
						CreatedOnToolsVersion = 15.2;
					};
					3A3D3FB52BA1A89D0061C58E = {
						CreatedOnToolsVersion = 15.2;
						TestTargetID = 3A3D3FA52BA1A89B0061C58E;
					};
					3A3D3FBF2BA1A89D0061C58E = {
						CreatedOnToolsVersion = 15.2;
						TestTargetID = 3A3D3FA52BA1A89B0061C58E;
					};
				};
			};
			buildConfigurationList = 3A3D3FA12BA1A89B0061C58E /* Build configuration list for PBXProject "Tetris" */;
			compatibilityVersion = "Xcode 14.0";
			developmentRegion = en;
			hasScannedForEncodings = 0;
			knownRegions = (
				en,
				Base,
			);
			mainGroup = 3A3D3F9D2BA1A89B0061C58E;
			productRefGroup = 3A3D3FA72BA1A89B0061C58E /* Products */;
			projectDirPath = "";
			projectRoot = "";
			targets = (
				3A3D3FA52BA1A89B0061C58E /* Tetris */,
				3A3D3FB52BA1A89D0061C58E /* TetrisTests */,
				3A3D3FBF2BA1A89D0061C58E /* TetrisUITests */,
			);
		};
/* End PBXProject section */

/* Begin PBXResourcesBuildPhase section */
		3A3D3FA42BA1A89B0061C58E /* Resources */ = {
			isa = PBXResourcesBuildPhase;
			buildActionMask = 2147483647;
			files = (
				3A3D3FB12BA1A89D0061C58E /* Preview Assets.xcassets in Resources */,
				3A3D3FAE2BA1A89D0061C58E /* Assets.xcassets in Resources */,
			);
			runOnlyForDeploymentPostprocessing = 0;
		};
		3A3D3FB42BA1A89D0061C58E /* Resources */ = {
			isa = PBXResourcesBuildPhase;
			buildActionMask = 2147483647;
			files = (
			);
			runOnlyForDeploymentPostprocessing = 0;
		};
		3A3D3FBE2BA1A89D0061C58E /* Resources */ = {
			isa = PBXResourcesBuildPhase;
			buildActionMask = 2147483647;
			files = (
			);
			runOnlyForDeploymentPostprocessing = 0;
		};
/* End PBXResourcesBuildPhase section */

/* Begin PBXSourcesBuildPhase section */
		3A3D3FA22BA1A89B0061C58E /* Sources */ = {
			isa = PBXSourcesBuildPhase;
			buildActionMask = 2147483647;
			files = (
				3A3D3FAC2BA1A89B0061C58E /* ContentView.swift in Sources */,
				3A3D3FAA2BA1A89B0061C58E /* TetrisApp.swift in Sources */,
			);
			runOnlyForDeploymentPostprocessing = 0;
		};
		3A3D3FB22BA1A89D0061C58E /* Sources */ = {
			isa = PBXSourcesBuildPhase;
			buildActionMask = 2147483647;
			files = (
				3A3D3FBB2BA1A89D0061C58E /* TetrisTests.swift in Sources */,
			);
			runOnlyForDeploymentPostprocessing = 0;
		};
		3A3D3FBC2BA1A89D0061C58E /* Sources */ = {
			isa = PBXSourcesBuildPhase;
			buildActionMask = 2147483647;
			files = (
				3A3D3FC52BA1A89D0061C58E /* TetrisUITests.swift in Sources */,
				3A3D3FC72BA1A89D0061C58E /* TetrisUITestsLaunchTests.swift in Sources */,
			);
			runOnlyForDeploymentPostprocessing = 0;
		};
/* End PBXSourcesBuildPhase section */

/* Begin PBXTargetDependency section */
		3A3D3FB82BA1A89D0061C58E /* PBXTargetDependency */ = {
			isa = PBXTargetDependency;
			target = 3A3D3FA52BA1A89B0061C58E /* Tetris */;
			targetProxy = 3A3D3FB72BA1A89D0061C58E /* PBXContainerItemProxy */;
		};
		3A3D3FC22BA1A89D0061C58E /* PBXTargetDependency */ = {
			isa = PBXTargetDependency;
			target = 3A3D3FA52BA1A89B0061C58E /* Tetris */;
			targetProxy = 3A3D3FC12BA1A89D0061C58E /* PBXContainerItemProxy */;
		};
/* End PBXTargetDependency section */

/* Begin XCBuildConfiguration section */
		3A3D3FC82BA1A89D0061C58E /* Debug */ = {
			isa = XCBuildConfiguration;
			buildSettings = {
				ALWAYS_SEARCH_USER_PATHS = NO;
				ASSETCATALOG_COMPILER_GENERATE_SWIFT_ASSET_SYMBOL_EXTENSIONS = YES;
				CLANG_ANALYZER_NONNULL = YES;
				CLANG_ANALYZER_NUMBER_OBJECT_CONVERSION = YES_AGGRESSIVE;
				CLANG_CXX_LANGUAGE_STANDARD = "gnu++20";
				CLANG_ENABLE_MODULES = YES;
				CLANG_ENABLE_OBJC_ARC = YES;
				CLANG_ENABLE_OBJC_WEAK = YES;
				CLANG_WARN_BLOCK_CAPTURE_AUTORELEASING = YES;
				CLANG_WARN_BOOL_CONVERSION = YES;
				CLANG_WARN_COMMA = YES;
				CLANG_WARN_CONSTANT_CONVERSION = YES;
				CLANG_WARN_DEPRECATED_OBJC_IMPLEMENTATIONS = YES;
				CLANG_WARN_DIRECT_OBJC_ISA_USAGE = YES_ERROR;
				CLANG_WARN_DOCUMENTATION_COMMENTS = YES;
				CLANG_WARN_EMPTY_BODY = YES;
				CLANG_WARN_ENUM_CONVERSION = YES;
				CLANG_WARN_INFINITE_RECURSION = YES;
				CLANG_WARN_INT_CONVERSION = YES;
				CLANG_WARN_NON_LITERAL_NULL_CONVERSION = YES;
				CLANG_WARN_OBJC_IMPLICIT_RETAIN_SELF = YES;
				CLANG_WARN_OBJC_LITERAL_CONVERSION = YES;
				CLANG_WARN_OBJC_ROOT_CLASS = YES_ERROR;
				CLANG_WARN_QUOTED_INCLUDE_IN_FRAMEWORK_HEADER = YES;
				CLANG_WARN_RANGE_LOOP_ANALYSIS = YES;
				CLANG_WARN_STRICT_PROTOTYPES = YES;
				CLANG_WARN_SUSPICIOUS_MOVE = YES;
				CLANG_WARN_UNGUARDED_AVAILABILITY = YES_AGGRESSIVE;
				CLANG_WARN_UNREACHABLE_CODE = YES;
				CLANG_WARN__DUPLICATE_METHOD_MATCH = YES;
				COPY_PHASE_STRIP = NO;
				DEBUG_INFORMATION_FORMAT = dwarf;
				ENABLE_STRICT_OBJC_MSGSEND = YES;
				ENABLE_TESTABILITY = YES;
				ENABLE_USER_SCRIPT_SANDBOXING = YES;
				GCC_C_LANGUAGE_STANDARD = gnu17;
				GCC_DYNAMIC_NO_PIC = NO;
				GCC_NO_COMMON_BLOCKS = YES;
				GCC_OPTIMIZATION_LEVEL = 0;
				GCC_PREPROCESSOR_DEFINITIONS = (
					"DEBUG=1",
					"$(inherited)",
				);
				GCC_WARN_64_TO_32_BIT_CONVERSION = YES;
				GCC_WARN_ABOUT_RETURN_TYPE = YES_ERROR;
				GCC_WARN_UNDECLARED_SELECTOR = YES;
				GCC_WARN_UNINITIALIZED_AUTOS = YES_AGGRESSIVE;
				GCC_WARN_UNUSED_FUNCTION = YES;
				GCC_WARN_UNUSED_VARIABLE = YES;
				IPHONEOS_DEPLOYMENT_TARGET = 17.2;
				LOCALIZATION_PREFERS_STRING_CATALOGS = YES;
				MTL_ENABLE_DEBUG_INFO = INCLUDE_SOURCE;
				MTL_FAST_MATH = YES;
				ONLY_ACTIVE_ARCH = YES;
				SDKROOT = iphoneos;
				SWIFT_ACTIVE_COMPILATION_CONDITIONS = "DEBUG $(inherited)";
				SWIFT_OPTIMIZATION_LEVEL = "-Onone";
			};
			name = Debug;
		};
		3A3D3FC92BA1A89D0061C58E /* Release */ = {
			isa = XCBuildConfiguration;
			buildSettings = {
				ALWAYS_SEARCH_USER_PATHS = NO;
				ASSETCATALOG_COMPILER_GENERATE_SWIFT_ASSET_SYMBOL_EXTENSIONS = YES;
				CLANG_ANALYZER_NONNULL = YES;
				CLANG_ANALYZER_NUMBER_OBJECT_CONVERSION = YES_AGGRESSIVE;
				CLANG_CXX_LANGUAGE_STANDARD = "gnu++20";
				CLANG_ENABLE_MODULES = YES;
				CLANG_ENABLE_OBJC_ARC = YES;
				CLANG_ENABLE_OBJC_WEAK = YES;
				CLANG_WARN_BLOCK_CAPTURE_AUTORELEASING = YES;
				CLANG_WARN_BOOL_CONVERSION = YES;
				CLANG_WARN_COMMA = YES;
				CLANG_WARN_CONSTANT_CONVERSION = YES;
				CLANG_WARN_DEPRECATED_OBJC_IMPLEMENTATIONS = YES;
				CLANG_WARN_DIRECT_OBJC_ISA_USAGE = YES_ERROR;
				CLANG_WARN_DOCUMENTATION_COMMENTS = YES;
				CLANG_WARN_EMPTY_BODY = YES;
				CLANG_WARN_ENUM_CONVERSION = YES;
				CLANG_WARN_INFINITE_RECURSION = YES;
				CLANG_WARN_INT_CONVERSION = YES;
				CLANG_WARN_NON_LITERAL_NULL_CONVERSION = YES;
				CLANG_WARN_OBJC_IMPLICIT_RETAIN_SELF = YES;
				CLANG_WARN_OBJC_LITERAL_CONVERSION = YES;
				CLANG_WARN_OBJC_ROOT_CLASS = YES_ERROR;
				CLANG_WARN_QUOTED_INCLUDE_IN_FRAMEWORK_HEADER = YES;
				CLANG_WARN_RANGE_LOOP_ANALYSIS = YES;
				CLANG_WARN_STRICT_PROTOTYPES = YES;
				CLANG_WARN_SUSPICIOUS_MOVE = YES;
				CLANG_WARN_UNGUARDED_AVAILABILITY = YES_AGGRESSIVE;
				CLANG_WARN_UNREACHABLE_CODE = YES;
				CLANG_WARN__DUPLICATE_METHOD_MATCH = YES;
				COPY_PHASE_STRIP = NO;
				DEBUG_INFORMATION_FORMAT = "dwarf-with-dsym";
				ENABLE_NS_ASSERTIONS = NO;
				ENABLE_STRICT_OBJC_MSGSEND = YES;
				ENABLE_USER_SCRIPT_SANDBOXING = YES;
				GCC_C_LANGUAGE_STANDARD = gnu17;
				GCC_NO_COMMON_BLOCKS = YES;
				GCC_WARN_64_TO_32_BIT_CONVERSION = YES;
				GCC_WARN_ABOUT_RETURN_TYPE = YES_ERROR;
				GCC_WARN_UNDECLARED_SELECTOR = YES;
				GCC_WARN_UNINITIALIZED_AUTOS = YES_AGGRESSIVE;
				GCC_WARN_UNUSED_FUNCTION = YES;
				GCC_WARN_UNUSED_VARIABLE = YES;
				IPHONEOS_DEPLOYMENT_TARGET = 17.2;
				LOCALIZATION_PREFERS_STRING_CATALOGS = YES;
				MTL_ENABLE_DEBUG_INFO = NO;
				MTL_FAST_MATH = YES;
				SDKROOT = iphoneos;
				SWIFT_COMPILATION_MODE = wholemodule;
				VALIDATE_PRODUCT = YES;
			};
			name = Release;
		};
		3A3D3FCB2BA1A89D0061C58E /* Debug */ = {
			isa = XCBuildConfiguration;
			buildSettings = {
				ASSETCATALOG_COMPILER_APPICON_NAME = AppIcon;
				ASSETCATALOG_COMPILER_GLOBAL_ACCENT_COLOR_NAME = AccentColor;
				CODE_SIGN_STYLE = Automatic;
				CURRENT_PROJECT_VERSION = 1;
				DEVELOPMENT_ASSET_PATHS = "\"Tetris/Preview Content\"";
				ENABLE_PREVIEWS = YES;
				GENERATE_INFOPLIST_FILE = YES;
				INFOPLIST_KEY_UIApplicationSceneManifest_Generation = YES;
				INFOPLIST_KEY_UIApplicationSupportsIndirectInputEvents = YES;
				INFOPLIST_KEY_UILaunchScreen_Generation = YES;
				INFOPLIST_KEY_UISupportedInterfaceOrientations_iPad = "UIInterfaceOrientationPortrait UIInterfaceOrientationPortraitUpsideDown UIInterfaceOrientationLandscapeLeft UIInterfaceOrientationLandscapeRight";
				INFOPLIST_KEY_UISupportedInterfaceOrientations_iPhone = "UIInterfaceOrientationPortrait UIInterfaceOrientationLandscapeLeft UIInterfaceOrientationLandscapeRight";
				LD_RUNPATH_SEARCH_PATHS = (
					"$(inherited)",
					"@executable_path/Frameworks",
				);
				MARKETING_VERSION = 1.0;
				PRODUCT_BUNDLE_IDENTIFIER = glassoff.Tetris;
				PRODUCT_NAME = "$(TARGET_NAME)";
				SWIFT_EMIT_LOC_STRINGS = YES;
				SWIFT_VERSION = 5.0;
				TARGETED_DEVICE_FAMILY = "1,2";
			};
			name = Debug;
		};
		3A3D3FCC2BA1A89D0061C58E /* Release */ = {
			isa = XCBuildConfiguration;
			buildSettings = {
				ASSETCATALOG_COMPILER_APPICON_NAME = AppIcon;
				ASSETCATALOG_COMPILER_GLOBAL_ACCENT_COLOR_NAME = AccentColor;
				CODE_SIGN_STYLE = Automatic;
				CURRENT_PROJECT_VERSION = 1;
				DEVELOPMENT_ASSET_PATHS = "\"Tetris/Preview Content\"";
				ENABLE_PREVIEWS = YES;
				GENERATE_INFOPLIST_FILE = YES;
				INFOPLIST_KEY_UIApplicationSceneManifest_Generation = YES;
				INFOPLIST_KEY_UIApplicationSupportsIndirectInputEvents = YES;
				INFOPLIST_KEY_UILaunchScreen_Generation = YES;
				INFOPLIST_KEY_UISupportedInterfaceOrientations_iPad = "UIInterfaceOrientationPortrait UIInterfaceOrientationPortraitUpsideDown UIInterfaceOrientationLandscapeLeft UIInterfaceOrientationLandscapeRight";
				INFOPLIST_KEY_UISupportedInterfaceOrientations_iPhone = "UIInterfaceOrientationPortrait UIInterfaceOrientationLandscapeLeft UIInterfaceOrientationLandscapeRight";
				LD_RUNPATH_SEARCH_PATHS = (
					"$(inherited)",
					"@executable_path/Frameworks",
				);
				MARKETING_VERSION = 1.0;
				PRODUCT_BUNDLE_IDENTIFIER = glassoff.Tetris;
				PRODUCT_NAME = "$(TARGET_NAME)";
				SWIFT_EMIT_LOC_STRINGS = YES;
				SWIFT_VERSION = 5.0;
				TARGETED_DEVICE_FAMILY = "1,2";
			};
			name = Release;
		};
		3A3D3FCE2BA1A89D0061C58E /* Debug */ = {
			isa = XCBuildConfiguration;
			buildSettings = {
				ALWAYS_EMBED_SWIFT_STANDARD_LIBRARIES = YES;
				BUNDLE_LOADER = "$(TEST_HOST)";
				CODE_SIGN_STYLE = Automatic;
				CURRENT_PROJECT_VERSION = 1;
				GENERATE_INFOPLIST_FILE = YES;
				IPHONEOS_DEPLOYMENT_TARGET = 17.2;
				MARKETING_VERSION = 1.0;
				PRODUCT_BUNDLE_IDENTIFIER = glassoff.TetrisTests;
				PRODUCT_NAME = "$(TARGET_NAME)";
				SWIFT_EMIT_LOC_STRINGS = NO;
				SWIFT_VERSION = 5.0;
				TARGETED_DEVICE_FAMILY = "1,2";
				TEST_HOST = "$(BUILT_PRODUCTS_DIR)/Tetris.app/$(BUNDLE_EXECUTABLE_FOLDER_PATH)/Tetris";
			};
			name = Debug;
		};
		3A3D3FCF2BA1A89D0061C58E /* Release */ = {
			isa = XCBuildConfiguration;
			buildSettings = {
				ALWAYS_EMBED_SWIFT_STANDARD_LIBRARIES = YES;
				BUNDLE_LOADER = "$(TEST_HOST)";
				CODE_SIGN_STYLE = Automatic;
				CURRENT_PROJECT_VERSION = 1;
				GENERATE_INFOPLIST_FILE = YES;
				IPHONEOS_DEPLOYMENT_TARGET = 17.2;
				MARKETING_VERSION = 1.0;
				PRODUCT_BUNDLE_IDENTIFIER = glassoff.TetrisTests;
				PRODUCT_NAME = "$(TARGET_NAME)";
				SWIFT_EMIT_LOC_STRINGS = NO;
				SWIFT_VERSION = 5.0;
				TARGETED_DEVICE_FAMILY = "1,2";
				TEST_HOST = "$(BUILT_PRODUCTS_DIR)/Tetris.app/$(BUNDLE_EXECUTABLE_FOLDER_PATH)/Tetris";
			};
			name = Release;
		};
		3A3D3FD12BA1A89D0061C58E /* Debug */ = {
			isa = XCBuildConfiguration;
			buildSettings = {
				ALWAYS_EMBED_SWIFT_STANDARD_LIBRARIES = YES;
				CODE_SIGN_STYLE = Automatic;
				CURRENT_PROJECT_VERSION = 1;
				GENERATE_INFOPLIST_FILE = YES;
				MARKETING_VERSION = 1.0;
				PRODUCT_BUNDLE_IDENTIFIER = glassoff.TetrisUITests;
				PRODUCT_NAME = "$(TARGET_NAME)";
				SWIFT_EMIT_LOC_STRINGS = NO;
				SWIFT_VERSION = 5.0;
				TARGETED_DEVICE_FAMILY = "1,2";
				TEST_TARGET_NAME = Tetris;
			};
			name = Debug;
		};
		3A3D3FD22BA1A89D0061C58E /* Release */ = {
			isa = XCBuildConfiguration;
			buildSettings = {
				ALWAYS_EMBED_SWIFT_STANDARD_LIBRARIES = YES;
				CODE_SIGN_STYLE = Automatic;
				CURRENT_PROJECT_VERSION = 1;
				GENERATE_INFOPLIST_FILE = YES;
				MARKETING_VERSION = 1.0;
				PRODUCT_BUNDLE_IDENTIFIER = glassoff.TetrisUITests;
				PRODUCT_NAME = "$(TARGET_NAME)";
				SWIFT_EMIT_LOC_STRINGS = NO;
				SWIFT_VERSION = 5.0;
				TARGETED_DEVICE_FAMILY = "1,2";
				TEST_TARGET_NAME = Tetris;
			};
			name = Release;
		};
/* End XCBuildConfiguration section */

/* Begin XCConfigurationList section */
		3A3D3FA12BA1A89B0061C58E /* Build configuration list for PBXProject "Tetris" */ = {
			isa = XCConfigurationList;
			buildConfigurations = (
				3A3D3FC82BA1A89D0061C58E /* Debug */,
				3A3D3FC92BA1A89D0061C58E /* Release */,
			);
			defaultConfigurationIsVisible = 0;
			defaultConfigurationName = Release;
		};
		3A3D3FCA2BA1A89D0061C58E /* Build configuration list for PBXNativeTarget "Tetris" */ = {
			isa = XCConfigurationList;
			buildConfigurations = (
				3A3D3FCB2BA1A89D0061C58E /* Debug */,
				3A3D3FCC2BA1A89D0061C58E /* Release */,
			);
			defaultConfigurationIsVisible = 0;
			defaultConfigurationName = Release;
		};
		3A3D3FCD2BA1A89D0061C58E /* Build configuration list for PBXNativeTarget "TetrisTests" */ = {
			isa = XCConfigurationList;
			buildConfigurations = (
				3A3D3FCE2BA1A89D0061C58E /* Debug */,
				3A3D3FCF2BA1A89D0061C58E /* Release */,
			);
			defaultConfigurationIsVisible = 0;
			defaultConfigurationName = Release;
		};
		3A3D3FD02BA1A89D0061C58E /* Build configuration list for PBXNativeTarget "TetrisUITests" */ = {
			isa = XCConfigurationList;
			buildConfigurations = (
				3A3D3FD12BA1A89D0061C58E /* Debug */,
				3A3D3FD22BA1A89D0061C58E /* Release */,
			);
			defaultConfigurationIsVisible = 0;
			defaultConfigurationName = Release;
		};
/* End XCConfigurationList section */
	};
	rootObject = 3A3D3F9E2BA1A89B0061C58E /* Project object */;
}
